{
  "name": "ajs_node",
  "version": "1.0.0",
  "lockfileVersion": 3,
  "requires": true,
  "packages": {
    "": {
      "name": "ajs_node",
      "version": "1.0.0",
      "license": "ISC",
      "dependencies": {
        "@stgolovin/ajs": "^1.0.0"
      }
    },
    "node_modules/@stgolovin/ajs": {
      "version": "1.0.0",
      "resolved": "https://npm.pkg.github.com/download/@stgolovin/ajs/1.0.0/c4d2c1145a82297860564edd34b28a4743d7b4b1",
      "integrity": "sha512-VG61xQET3dkb0VHm5377sQhLEZKr98H9mfsnBbuZAtPjRKk3CeWea6xjnFAYE6wd+LLxomQXL9irboZIXBKQyg==",
      "license": "ISC"
    }
  }
}
